
Microsoft Visual Studio Solution File, Format Version 12.00
# Visual Studio Version 17
VisualStudioVersion = 17.11.35222.181
MinimumVisualStudioVersion = 10.0.40219.1
Project("{FAE04EC0-301F-11D3-BF4B-00C04F79EFBC}") = "FormBootstrap_AlexiaSabate", "FormBootstrap_AlexiaSabate\FormBootstrap_AlexiaSabate.csproj", "{A8C49317-5924-4528-9E82-8A97254F8766}"
EndProject
Global
	GlobalSection(SolutionConfigurationPlatforms) = preSolution
		Debug|Any CPU = Debug|Any CPU
		Release|Any CPU = Release|Any CPU
	EndGlobalSection
	GlobalSection(ProjectConfigurationPlatforms) = postSolution
		{A8C49317-5924-4528-9E82-8A97254F8766}.Debug|Any CPU.ActiveCfg = Debug|Any CPU
		{A8C49317-5924-4528-9E82-8A97254F8766}.Debug|Any CPU.Build.0 = Debug|Any CPU
		{A8C49317-5924-4528-9E82-8A97254F8766}.Release|Any CPU.ActiveCfg = Release|Any CPU
		{A8C49317-5924-4528-9E82-8A97254F8766}.Release|Any CPU.Build.0 = Release|Any CPU
	EndGlobalSection
	GlobalSection(SolutionProperties) = preSolution
		HideSolutionNode = FALSE
	EndGlobalSection
	GlobalSection(ExtensibilityGlobals) = postSolution
		SolutionGuid = {CB83A9DB-0780-4897-8FB6-B7BAF81BF884}
	EndGlobalSection
EndGlobal
